
Microsoft Visual Studio Solution File, Format Version 12.00
# Visual Studio Version 17
VisualStudioVersion = 17.3.32901.215
MinimumVisualStudioVersion = 10.0.40219.1
Project("{FAE04EC0-301F-11D3-BF4B-00C04F79EFBC}") = "practicesssss", "practicesssss\practicesssss.csproj", "{203629C0-733D-4D1F-8A35-F39ADED4BE01}"
EndProject
Global
	GlobalSection(SolutionConfigurationPlatforms) = preSolution
		Debug|Any CPU = Debug|Any CPU
		Release|Any CPU = Release|Any CPU
	EndGlobalSection
	GlobalSection(ProjectConfigurationPlatforms) = postSolution
		{203629C0-733D-4D1F-8A35-F39ADED4BE01}.Debug|Any CPU.ActiveCfg = Debug|Any CPU
		{203629C0-733D-4D1F-8A35-F39ADED4BE01}.Debug|Any CPU.Build.0 = Debug|Any CPU
		{203629C0-733D-4D1F-8A35-F39ADED4BE01}.Release|Any CPU.ActiveCfg = Release|Any CPU
		{203629C0-733D-4D1F-8A35-F39ADED4BE01}.Release|Any CPU.Build.0 = Release|Any CPU
	EndGlobalSection
	GlobalSection(SolutionProperties) = preSolution
		HideSolutionNode = FALSE
	EndGlobalSection
	GlobalSection(ExtensibilityGlobals) = postSolution
		SolutionGuid = {51E126AC-BC10-447D-B77D-0B7CD3C3433A}
	EndGlobalSection
EndGlobal
